
Microsoft Visual Studio Solution File, Format Version 11.00
# Visual Studio 2010
Project("{FAE04EC0-301F-11D3-BF4B-00C04F79EFBC}") = "IAmAfraid", "Assembly-CSharp-firstpass.csproj", "{1CBC162E-EE61-2A2C-ED84-1E405CC37D9A}"
EndProject
Project("{FAE04EC0-301F-11D3-BF4B-00C04F79EFBC}") = "IAmAfraid", "Assembly-CSharp.csproj", "{FD94E790-F58C-759F-4F41-E85A2E0667AA}"
EndProject
Project("{FAE04EC0-301F-11D3-BF4B-00C04F79EFBC}") = "IAmAfraid", "Assembly-CSharp-Editor-firstpass.csproj", "{C129461A-8884-264A-AFB7-8D3A04B7D003}"
EndProject
Project("{FAE04EC0-301F-11D3-BF4B-00C04F79EFBC}") = "IAmAfraid", "Assembly-CSharp-Editor.csproj", "{A884B93D-DB7A-2494-1DB2-2D2BD65E3EE6}"
EndProject
Global
	GlobalSection(SolutionConfigurationPlatforms) = preSolution
		Debug|Any CPU = Debug|Any CPU
		Release|Any CPU = Release|Any CPU
	EndGlobalSection
	GlobalSection(ProjectConfigurationPlatforms) = postSolution
		{1CBC162E-EE61-2A2C-ED84-1E405CC37D9A}.Debug|Any CPU.ActiveCfg = Debug|Any CPU
		{1CBC162E-EE61-2A2C-ED84-1E405CC37D9A}.Debug|Any CPU.Build.0 = Debug|Any CPU
		{1CBC162E-EE61-2A2C-ED84-1E405CC37D9A}.Release|Any CPU.ActiveCfg = Release|Any CPU
		{1CBC162E-EE61-2A2C-ED84-1E405CC37D9A}.Release|Any CPU.Build.0 = Release|Any CPU
		{FD94E790-F58C-759F-4F41-E85A2E0667AA}.Debug|Any CPU.ActiveCfg = Debug|Any CPU
		{FD94E790-F58C-759F-4F41-E85A2E0667AA}.Debug|Any CPU.Build.0 = Debug|Any CPU
		{FD94E790-F58C-759F-4F41-E85A2E0667AA}.Release|Any CPU.ActiveCfg = Release|Any CPU
		{FD94E790-F58C-759F-4F41-E85A2E0667AA}.Release|Any CPU.Build.0 = Release|Any CPU
		{C129461A-8884-264A-AFB7-8D3A04B7D003}.Debug|Any CPU.ActiveCfg = Debug|Any CPU
		{C129461A-8884-264A-AFB7-8D3A04B7D003}.Debug|Any CPU.Build.0 = Debug|Any CPU
		{C129461A-8884-264A-AFB7-8D3A04B7D003}.Release|Any CPU.ActiveCfg = Release|Any CPU
		{C129461A-8884-264A-AFB7-8D3A04B7D003}.Release|Any CPU.Build.0 = Release|Any CPU
		{A884B93D-DB7A-2494-1DB2-2D2BD65E3EE6}.Debug|Any CPU.ActiveCfg = Debug|Any CPU
		{A884B93D-DB7A-2494-1DB2-2D2BD65E3EE6}.Debug|Any CPU.Build.0 = Debug|Any CPU
		{A884B93D-DB7A-2494-1DB2-2D2BD65E3EE6}.Release|Any CPU.ActiveCfg = Release|Any CPU
		{A884B93D-DB7A-2494-1DB2-2D2BD65E3EE6}.Release|Any CPU.Build.0 = Release|Any CPU
	EndGlobalSection
	GlobalSection(SolutionProperties) = preSolution
		HideSolutionNode = FALSE
	EndGlobalSection
	GlobalSection(MonoDevelopProperties) = preSolution
		StartupItem = Assembly-CSharp.csproj
	EndGlobalSection
EndGlobal
